{
  "nodes": {
    "bnfc": {
      "flake": false,
      "locked": {
        "lastModified": 1648744212,
        "narHash": "sha256-BiytW8cailDil0qc8zgCf/Pi/vvfZ3Ew38WldUjlVtc=",
        "owner": "BNFC",
        "repo": "bnfc",
        "rev": "348e57a55a0d9df53376b1da2f59f104521c5153",
        "type": "github"
      },
      "original": {
        "owner": "BNFC",
        "ref": "master",
        "repo": "bnfc",
        "type": "github"
      }
    },
    "gf-core": {
      "flake": false,
      "locked": {
        "lastModified": 1665396040,
        "narHash": "sha256-oWZMxMeRmEO5AP/WLg/2dpniq06rSjyPuWEbvRN+Nt8=",
        "owner": "GrammaticalFramework",
        "repo": "gf-core",
        "rev": "85038d01750c56241d45686d14c513f72421526c",
        "type": "github"
      },
      "original": {
        "owner": "GrammaticalFramework",
        "ref": "master",
        "repo": "gf-core",
        "type": "github"
      }
    },
    "gf-nix": {
      "inputs": {
        "bnfc": "bnfc",
        "gf-core": "gf-core",
        "gf-rgl": "gf-rgl",
        "gf-wordnet": "gf-wordnet",
        "nixpkgs": [
          "nixpkgs"
        ]
      },
      "locked": {
        "lastModified": 1665407027,
        "narHash": "sha256-/qeEJlyJx/l/7n9/bbPGq7p+JX4Ol9f7MFxSal6Abx4=",
        "owner": "anka-213",
        "repo": "cclaw-nix-stuff",
        "rev": "63a1db57430347fb2f0f4716eda07619f662c5db",
        "type": "github"
      },
      "original": {
        "owner": "anka-213",
        "ref": "nix-flakes",
        "repo": "cclaw-nix-stuff",
        "type": "github"
      }
    },
    "gf-rgl": {
      "flake": false,
      "locked": {
        "lastModified": 1664962879,
        "narHash": "sha256-9DbWSHxTpAH6Jf0UGkDt6/Y6UFD86KYbWUCJRV4eSWg=",
        "owner": "GrammaticalFramework",
        "repo": "gf-rgl",
        "rev": "c656f91f939570b65a9dad14e323bbc1edb9b2e6",
        "type": "github"
      },
      "original": {
        "owner": "GrammaticalFramework",
        "ref": "master",
        "repo": "gf-rgl",
        "type": "github"
      }
    },
    "gf-wordnet": {
      "flake": false,
      "locked": {
        "lastModified": 1665255642,
        "narHash": "sha256-0MgpTNsNb68oNDIykHCDWOegdhkIKt58Iv8SP6dx0H4=",
        "owner": "GrammaticalFramework",
        "repo": "gf-wordnet",
        "rev": "9451db10fc8090f3141dbd0016c834a56005d9e0",
        "type": "github"
      },
      "original": {
        "owner": "GrammaticalFramework",
        "ref": "master",
        "repo": "gf-wordnet",
        "type": "github"
      }
    },
    "nixpkgs": {
      "locked": {
        "lastModified": 1670148586,
        "narHash": "sha256-EcDfOiTHs0UBAtyGc0wxJJdhcMjrJEgWXjJutxZGA3E=",
        "owner": "NixOS",
        "repo": "nixpkgs",
        "rev": "a2d2f70b82ada0eadbcb1df2bca32d841a3c1bf1",
        "type": "github"
      },
      "original": {
        "owner": "NixOS",
        "ref": "nixpkgs-unstable",
        "repo": "nixpkgs",
        "type": "github"
      }
    },
    "nixpkgs-newer": {
      "locked": {
        "lastModified": 1670148586,
        "narHash": "sha256-EcDfOiTHs0UBAtyGc0wxJJdhcMjrJEgWXjJutxZGA3E=",
        "owner": "NixOS",
        "repo": "nixpkgs",
        "rev": "a2d2f70b82ada0eadbcb1df2bca32d841a3c1bf1",
        "type": "github"
      },
      "original": {
        "owner": "NixOS",
        "ref": "nixpkgs-unstable",
        "repo": "nixpkgs",
        "type": "github"
      }
    },
    "root": {
      "inputs": {
        "gf-nix": "gf-nix",
        "nixpkgs": "nixpkgs",
        "nixpkgs-newer": "nixpkgs-newer"
      }
    }
  },
  "root": "root",
  "version": 7
}
