{
  "nodes": {
    "bnfc": {
      "flake": false,
      "locked": {
        "lastModified": 1604002702,
        "narHash": "sha256-pbclcb8PrjadaBI6GzPjLdzzg47LCpBKPvkRmAoY448=",
        "owner": "BNFC",
        "repo": "bnfc",
        "rev": "d43e2571acae7a8254f289bff5868f9006aa74eb",
        "type": "github"
      },
      "original": {
        "owner": "BNFC",
        "ref": "master",
        "repo": "bnfc",
        "type": "github"
      }
    },
    "gf-core": {
      "flake": false,
      "locked": {
        "lastModified": 1615207710,
        "narHash": "sha256-z7HCJtOxHs/kZVWmSbb/ITYJwEI3l0P1xNDEQtdkOEE=",
        "owner": "GrammaticalFramework",
        "repo": "gf-core",
        "rev": "9b4f2dd18b64b770aaebfa1885085e8e3447f119",
        "type": "github"
      },
      "original": {
        "owner": "GrammaticalFramework",
        "ref": "master",
        "repo": "gf-core",
        "type": "github"
      }
    },
    "gf-nix": {
      "inputs": {
        "bnfc": "bnfc",
        "gf-core": "gf-core",
        "gf-rgl": "gf-rgl",
        "gf-wordnet": "gf-wordnet",
        "nixpkgs": [
          "nixpkgs"
        ]
      },
      "locked": {
        "lastModified": 1614325735,
        "narHash": "sha256-fOWlk0zgBiGq2x4PZK+myDXHrHLjavfW7TACD1U7anU=",
        "owner": "anka-213",
        "repo": "cclaw-nix-stuff",
        "rev": "0250e1ea2fe7153c3fe35c2aa89ef32fc990c489",
        "type": "github"
      },
      "original": {
        "owner": "anka-213",
        "ref": "nix-flakes",
        "repo": "cclaw-nix-stuff",
        "type": "github"
      }
    },
    "gf-rgl": {
      "flake": false,
      "locked": {
        "lastModified": 1619423169,
        "narHash": "sha256-mvL210n2FWPAYxBokIItnGaY1u2MDSKwbD/OVG8uPm4=",
        "owner": "GrammaticalFramework",
        "repo": "gf-rgl",
        "rev": "af36eaf077bef4c99da8e93b7e0238149c168530",
        "type": "github"
      },
      "original": {
        "owner": "GrammaticalFramework",
        "ref": "master",
        "repo": "gf-rgl",
        "type": "github"
      }
    },
    "gf-wordnet": {
      "flake": false,
      "locked": {
        "lastModified": 1619167270,
        "narHash": "sha256-/GVcZnLscruLZXRiEvTj/TjmY6cj/dhbWgKE9cezF+Y=",
        "owner": "GrammaticalFramework",
        "repo": "gf-wordnet",
        "rev": "55662a243a27ee5c255185d940851d234db4122b",
        "type": "github"
      },
      "original": {
        "owner": "GrammaticalFramework",
        "ref": "master",
        "repo": "gf-wordnet",
        "type": "github"
      }
    },
    "nixpkgs": {
      "locked": {
        "lastModified": 1614288967,
        "narHash": "sha256-6Q2gH8lMzF6wMO9//2nE7v/9U2LXR2h/wDLuGpfQJ4M=",
        "owner": "NixOS",
        "repo": "nixpkgs",
        "rev": "04ac9dcd311956d1756d77f4baf9258392ee7bdd",
        "type": "github"
      },
      "original": {
        "owner": "NixOS",
        "ref": "nixpkgs-unstable",
        "repo": "nixpkgs",
        "type": "github"
      }
    },
    "root": {
      "inputs": {
        "gf-nix": "gf-nix",
        "nixpkgs": "nixpkgs"
      }
    }
  },
  "root": "root",
  "version": 7
}
