{
  "nodes": {
    "bnfc": {
      "flake": false,
      "locked": {
        "lastModified": 1648744212,
        "narHash": "sha256-BiytW8cailDil0qc8zgCf/Pi/vvfZ3Ew38WldUjlVtc=",
        "owner": "BNFC",
        "repo": "bnfc",
        "rev": "348e57a55a0d9df53376b1da2f59f104521c5153",
        "type": "github"
      },
      "original": {
        "owner": "BNFC",
        "ref": "master",
        "repo": "bnfc",
        "type": "github"
      }
    },
    "gf-core": {
      "flake": false,
      "locked": {
        "lastModified": 1646458097,
        "narHash": "sha256-dTKkS+kWJU5SCNGRVGz8ZE0B4zvoEWv/ZHloSle8YPY=",
        "owner": "GrammaticalFramework",
        "repo": "gf-core",
        "rev": "25dd1354c71ab9267d6fdb8ad7cf8cc7ce30812f",
        "type": "github"
      },
      "original": {
        "owner": "GrammaticalFramework",
        "ref": "master",
        "repo": "gf-core",
        "type": "github"
      }
    },
    "gf-nix": {
      "inputs": {
        "bnfc": "bnfc",
        "gf-core": "gf-core",
        "gf-rgl": "gf-rgl",
        "gf-wordnet": "gf-wordnet",
        "nixpkgs": [
          "nixpkgs"
        ]
      },
      "locked": {
        "lastModified": 1665389025,
        "narHash": "sha256-6VMIxYmwVILxH7H84ZzfjazofwY4hhpI8vYaWfodUzo=",
        "owner": "anka-213",
        "repo": "cclaw-nix-stuff",
        "rev": "6a9b5abf6db092c44483cb16caf638e40fedd52d",
        "type": "github"
      },
      "original": {
        "owner": "anka-213",
        "ref": "nix-flakes",
        "repo": "cclaw-nix-stuff",
        "type": "github"
      }
    },
    "gf-rgl": {
      "flake": false,
      "locked": {
        "lastModified": 1664962879,
        "narHash": "sha256-9DbWSHxTpAH6Jf0UGkDt6/Y6UFD86KYbWUCJRV4eSWg=",
        "owner": "GrammaticalFramework",
        "repo": "gf-rgl",
        "rev": "c656f91f939570b65a9dad14e323bbc1edb9b2e6",
        "type": "github"
      },
      "original": {
        "owner": "GrammaticalFramework",
        "ref": "master",
        "repo": "gf-rgl",
        "type": "github"
      }
    },
    "gf-wordnet": {
      "flake": false,
      "locked": {
        "lastModified": 1663659559,
        "narHash": "sha256-/+ci68mEeVetiJF7pGVHuOGWFFCA1R+fcM+/H9WdbUY=",
        "owner": "GrammaticalFramework",
        "repo": "gf-wordnet",
        "rev": "9e2265a3849c2844595f41d8296313860a542d51",
        "type": "github"
      },
      "original": {
        "owner": "GrammaticalFramework",
        "ref": "master",
        "repo": "gf-wordnet",
        "type": "github"
      }
    },
    "nixpkgs": {
      "locked": {
        "lastModified": 1665296151,
        "narHash": "sha256-uOB0oxqxN9K7XGF1hcnY+PQnlQJ+3bP2vCn/+Ru/bbc=",
        "owner": "NixOS",
        "repo": "nixpkgs",
        "rev": "14ccaaedd95a488dd7ae142757884d8e125b3363",
        "type": "github"
      },
      "original": {
        "owner": "NixOS",
        "ref": "nixpkgs-unstable",
        "repo": "nixpkgs",
        "type": "github"
      }
    },
    "nixpkgs-newer": {
      "locked": {
        "lastModified": 1665296151,
        "narHash": "sha256-uOB0oxqxN9K7XGF1hcnY+PQnlQJ+3bP2vCn/+Ru/bbc=",
        "owner": "NixOS",
        "repo": "nixpkgs",
        "rev": "14ccaaedd95a488dd7ae142757884d8e125b3363",
        "type": "github"
      },
      "original": {
        "owner": "NixOS",
        "ref": "nixpkgs-unstable",
        "repo": "nixpkgs",
        "type": "github"
      }
    },
    "root": {
      "inputs": {
        "gf-nix": "gf-nix",
        "nixpkgs": "nixpkgs",
        "nixpkgs-newer": "nixpkgs-newer"
      }
    }
  },
  "root": "root",
  "version": 7
}
