# This file was autogenerated by Stack.
# You should not edit this file by hand.
# For more information, please see the documentation at:
#   https://docs.haskellstack.org/en/stable/lock_files

packages:
- completed:
    name: gf
    pantry-tree:
      sha256: ab1b24b4d2c8f56f19dd8bf6e345c38cc2c7c5243e2c552ff2cb9ad472df7818
      size: 67922
    sha256: 27012d1bf5d626a4446ad04f877255409a4d215494a0901d5510fa7748662d20
    size: 3499717
    url: https://github.com/smucclaw/gf-core/archive/edb55df7b0c4892ba0bac2817b5f493921c20c36.tar.gz
    version: 3.11.1
  original:
    url: https://github.com/smucclaw/gf-core/archive/edb55df7b0c4892ba0bac2817b5f493921c20c36.tar.gz
- completed:
    name: gf-ud
    pantry-tree:
      sha256: bd4aba2ea7ff8a85019615884a20edb05988184ce4b60bb9000a82e6dadc4e45
      size: 7012
    sha256: 62979c5079995a8eb10b0df9274eac956c0ebf3a9730eecdddc1560d425cd009
    size: 1363816
    url: https://github.com/smucclaw/gf-ud/archive/bb53f75a789fa1d8173bccf52bd076e60771796c.tar.gz
    version: 0.1.0.0
  original:
    url: https://github.com/smucclaw/gf-ud/archive/bb53f75a789fa1d8173bccf52bd076e60771796c.tar.gz
- completed:
    name: compact
    pantry-tree:
      sha256: 887183d029e4a043e9fabf14aacfa5eccfeda055457a9663c8742207cad37892
      size: 701
    sha256: 294af44b1c8cbe06dd456107ae712a64a73473631381c89df06b7b5666ba4d5d
    size: 9515
    url: https://github.com/mengwong/compact/archive/214867cfd0868c02313e97f29215d48545458da3.tar.gz
    version: 0.2.0.1
  original:
    url: https://github.com/mengwong/compact/archive/214867cfd0868c02313e97f29215d48545458da3.tar.gz
- completed:
    hackage: cgi-3001.5.0.0@sha256:3d1193a328d5f627a021a0ef3927c1ae41dd341e32dba612fed52d0e3a6df056,2990
    pantry-tree:
      sha256: c6f1c2f201b196b43cd8d0537482796c9fd389b40c4be945ee66348d31f130bf
      size: 993
  original:
    hackage: cgi-3001.5.0.0@sha256:3d1193a328d5f627a021a0ef3927c1ae41dd341e32dba612fed52d0e3a6df056,2990
- completed:
    hackage: multipart-0.2.1@sha256:c96322a5bb34c29738ba82345d071a8e07d752648de3522f1c04d96df955ea0d,1150
    pantry-tree:
      sha256: 935927f27b1406c529a992e99b6ad76669612831d5aef4dae1717c5927263cff
      size: 383
  original:
    hackage: multipart-0.2.1@sha256:c96322a5bb34c29738ba82345d071a8e07d752648de3522f1c04d96df955ea0d,1150
- completed:
    hackage: lsp-1.6.0.0@sha256:2b95e406cc85ffa95406ae8ad7d16b82283a6ca2fcb7ea5308a4ef3e6d6e68e6,4397
    pantry-tree:
      sha256: 43a82c501ec3074d888f2bf4960e4b447028c1537abbca4cf65e74944604bf62
      size: 1044
  original:
    hackage: lsp-1.6.0.0@sha256:2b95e406cc85ffa95406ae8ad7d16b82283a6ca2fcb7ea5308a4ef3e6d6e68e6,4397
- completed:
    hackage: rope-utf16-splay-0.4.0.0@sha256:2237ca21b950f5a45971f09ea2d38532a8e06949c82629095351e4bff5207aed,2034
    pantry-tree:
      sha256: 8f8650b21381dee11be10d327b8df1999f1ba00e303cd1ed3ed52dfd63e1ca69
      size: 667
  original:
    hackage: rope-utf16-splay-0.4.0.0@sha256:2237ca21b950f5a45971f09ea2d38532a8e06949c82629095351e4bff5207aed,2034
- completed:
    hackage: simple-smt-0.9.7@sha256:a93eba88f8177e13b39bf664b53ad65ca8eea976f00cae443c081b3ea3c26fb3,736
    pantry-tree:
      sha256: ddbb8343712ef5d96480180f4df7113db80ecb41336ec3e02876ccdb6ff6b547
      size: 253
  original:
    hackage: simple-smt-0.9.7@sha256:a93eba88f8177e13b39bf664b53ad65ca8eea976f00cae443c081b3ea3c26fb3,736
- completed:
    hackage: co-log-core-0.3.2.0@sha256:9b2699adecee2f072b6c713089e675b592ef23f00a2ff3740bdaf4d87de8d456,3850
    pantry-tree:
      sha256: af9c807ce50a126706bd99983ec71c060a489ab2b914de8dbccf756adccc2a43
      size: 584
  original:
    hackage: co-log-core-0.3.2.0@sha256:9b2699adecee2f072b6c713089e675b592ef23f00a2ff3740bdaf4d87de8d456,3850
- completed:
    hackage: text-2.0.1@sha256:907ecca6d20c42dafceb709ebac546f5d72e8b7dda3c39b286888c2f09e3bad8,9262
    pantry-tree:
      sha256: 2a661574e5663d733c08f4c34e1bdaaa9fd530be551aef0db99f1689541839c8
      size: 7359
  original:
    hackage: text-2.0.1@sha256:907ecca6d20c42dafceb709ebac546f5d72e8b7dda3c39b286888c2f09e3bad8,9262
- completed:
    hackage: parsec-3.1.15.1@sha256:8c7a36aaadff12a38817fc3c4ff6c87e3352cffd1a58df640de7ed7a97ad8fa3,4601
    pantry-tree:
      sha256: 147ad21b8aa90273721903a6b294cc4ecd660d229d88c4e84c6275bc5d630ae6
      size: 2630
  original:
    hackage: parsec-3.1.15.1@sha256:8c7a36aaadff12a38817fc3c4ff6c87e3352cffd1a58df640de7ed7a97ad8fa3,4601
- completed:
    hackage: Cabal-3.6.3.0@sha256:ff97c442b0c679c1c9876acd15f73ac4f602b973c45bde42b43ec28265ee48f4,12459
    pantry-tree:
      sha256: b250a53bdb56844f047a2927833bb565b936a289abfa85dfc2a63148d776368a
      size: 19757
  original:
    hackage: Cabal-3.6.3.0@sha256:ff97c442b0c679c1c9876acd15f73ac4f602b973c45bde42b43ec28265ee48f4,12459
snapshots:
- completed:
    sha256: fc39d8afc97531d53d87b10abdef593bce503c0c1e46c2e9a84ebcbc78bf8470
    size: 648432
    url: https://raw.githubusercontent.com/commercialhaskell/stackage-snapshots/master/lts/20/2.yaml
  original: lts-20.2
