# This file was autogenerated by Stack.
# You should not edit this file by hand.
# For more information, please see the documentation at:
#   https://docs.haskellstack.org/en/stable/lock_files

packages:
- completed:
    name: gf
    pantry-tree:
      sha256: b98b7ffc0d56f3ad90342d559a5645e8a6b7c34dfffc2944c5147f4ac265bd74
      size: 68240
    sha256: ce38f650b2ed17f35c6113ced7e9d1370f619d646e12b0674bfa77f82826ce79
    size: 3499956
    url: https://github.com/smucclaw/gf-core/archive/f4b71cf8ba56a949c627d08535c251fbd6654033.tar.gz
    version: 3.11.0
  original:
    url: https://github.com/smucclaw/gf-core/archive/f4b71cf8ba56a949c627d08535c251fbd6654033.tar.gz
- completed:
    hackage: simple-smt-0.9.7@sha256:a93eba88f8177e13b39bf664b53ad65ca8eea976f00cae443c081b3ea3c26fb3,736
    pantry-tree:
      sha256: ddbb8343712ef5d96480180f4df7113db80ecb41336ec3e02876ccdb6ff6b547
      size: 253
  original:
    hackage: simple-smt-0.9.7
snapshots:
- completed:
    sha256: 0cd905bf3f615a7f52d52fb6aadda182f695bd1cab10ef892095d974676f0911
    size: 713334
    url: https://raw.githubusercontent.com/commercialhaskell/stackage-snapshots/master/lts/22/16.yaml
  original: lts-22.16
