# This file was autogenerated by Stack.
# You should not edit this file by hand.
# For more information, please see the documentation at:
#   https://docs.haskellstack.org/en/stable/lock_files

packages:
- completed:
    name: gf
    pantry-tree:
      sha256: 919799e35885d54b06203f88e4a4de7396f2e15c63746eefb3359427b86c03ae
      size: 68299
    sha256: fedd414f21739884d5731ce7ce1b33931d59e1b8ef5b8929f2a6d5822c88d00a
    size: 3500225
    url: https://github.com/smucclaw/gf-core/archive/fa915bfb0180b0a818d9ac66077c3253e1445c27.tar.gz
    version: 3.11.0
  original:
    url: https://github.com/smucclaw/gf-core/archive/fa915bfb0180b0a818d9ac66077c3253e1445c27.tar.gz
- completed:
    name: compact
    pantry-tree:
      sha256: 887183d029e4a043e9fabf14aacfa5eccfeda055457a9663c8742207cad37892
      size: 701
    sha256: 294af44b1c8cbe06dd456107ae712a64a73473631381c89df06b7b5666ba4d5d
    size: 9515
    url: https://github.com/mengwong/compact/archive/214867cfd0868c02313e97f29215d48545458da3.tar.gz
    version: 0.2.0.1
  original:
    url: https://github.com/mengwong/compact/archive/214867cfd0868c02313e97f29215d48545458da3.tar.gz
- completed:
    name: simple-smt
    pantry-tree:
      sha256: 52b7da75230a4cbc27007b8560371a007d3ce5f4773023dc8f1f43299e99a414
      size: 357
    sha256: f9d9fea35beb8ca0260a0ca6af2feba5db2f01d9ca1dc4b9a0b139795eccd488
    size: 10807
    url: https://github.com/yav/simple-smt/archive/dd03ca1.tar.gz
    version: 0.9.7
  original:
    url: https://github.com/yav/simple-smt/archive/dd03ca1.tar.gz
snapshots:
- completed:
    sha256: 5921ddc75f5dd3f197fbc32e1e5676895a8e7b971d4f82ef6b556657801dd18a
    size: 640054
    url: https://raw.githubusercontent.com/commercialhaskell/stackage-snapshots/master/lts/21/20.yaml
  original: lts-21.20
